
Microsoft Visual Studio Solution File, Format Version 12.00
# Visual Studio 15
VisualStudioVersion = 15.0.28307.1082
MinimumVisualStudioVersion = 10.0.40219.1
Project("{FAE04EC0-301F-11D3-BF4B-00C04F79EFBC}") = "P_EcoMoura", "P_EcoMoura\P_EcoMoura.csproj", "{F772E16E-60CF-427C-97D3-94A391D683DA}"
EndProject
Global
	GlobalSection(SolutionConfigurationPlatforms) = preSolution
		Debug|Any CPU = Debug|Any CPU
		Release|Any CPU = Release|Any CPU
	EndGlobalSection
	GlobalSection(ProjectConfigurationPlatforms) = postSolution
		{F772E16E-60CF-427C-97D3-94A391D683DA}.Debug|Any CPU.ActiveCfg = Debug|Any CPU
		{F772E16E-60CF-427C-97D3-94A391D683DA}.Debug|Any CPU.Build.0 = Debug|Any CPU
		{F772E16E-60CF-427C-97D3-94A391D683DA}.Release|Any CPU.ActiveCfg = Release|Any CPU
		{F772E16E-60CF-427C-97D3-94A391D683DA}.Release|Any CPU.Build.0 = Release|Any CPU
	EndGlobalSection
	GlobalSection(SolutionProperties) = preSolution
		HideSolutionNode = FALSE
	EndGlobalSection
	GlobalSection(ExtensibilityGlobals) = postSolution
		SolutionGuid = {AB440BF3-67E3-4765-910E-50EB5552493D}
	EndGlobalSection
EndGlobal
